Microsoft Visual Studio Solution File, Format Version 12.00
# Visual Studio Version 16
VisualStudioVersion = 16.0.30204.135
MinimumVisualStudioVersion = 10.0.40219.1
Project("{9A19103F-16F7-4668-BE54-9A1E7A4F7556}") = "MasterChechBot.WebApi", "src\MasterChechBot.WebApi\MasterChechBot.WebApi.csproj", "{789F7D9C-929C-4EB7-BF59-FE1BB7FD4195}"
EndProject
Project("{9A19103F-16F7-4668-BE54-9A1E7A4F7556}") = "MasterChechBot.Core", "src\MasterChechBot.Core\MasterChechBot.Core.csproj", "{96D10CAC-BF1F-4849-9081-E81B612C4F30}"
EndProject
Project("{9A19103F-16F7-4668-BE54-9A1E7A4F7556}") = "MasterChechBot.Unit.Tests", "test\MasterChechBot.Unit.Tests\MasterChechBot.Unit.Tests.csproj", "{87DCAAF0-92AC-4D1F-A6E1-58E7140ED766}"
EndProject
Project("{9A19103F-16F7-4668-BE54-9A1E7A4F7556}") = "MasterChechBot.Integration.Tests", "test\MasterChechBot.Integration.Tests\MasterChechBot.Integration.Tests.csproj", "{CA9E9B9F-3FA3-42E7-BFCA-B54ECE7852E0}"
EndProject
Project("{2150E333-8FDC-42A3-9474-1A3956D46DE8}") = "src", "src", "{4BD09F3A-7609-442D-AB73-FE9F6A9F92BF}"
EndProject
Project("{2150E333-8FDC-42A3-9474-1A3956D46DE8}") = "test", "test", "{21E22D98-0A9C-4204-B1E6-C3C5B5A8B113}"
EndProject
Global
	GlobalSection(SolutionConfigurationPlatforms) = preSolution
		Debug|Any CPU = Debug|Any CPU
		Release|Any CPU = Release|Any CPU
	EndGlobalSection
	GlobalSection(ProjectConfigurationPlatforms) = postSolution
		{789F7D9C-929C-4EB7-BF59-FE1BB7FD4195}.Debug|Any CPU.ActiveCfg = Debug|Any CPU
		{789F7D9C-929C-4EB7-BF59-FE1BB7FD4195}.Debug|Any CPU.Build.0 = Debug|Any CPU
		{789F7D9C-929C-4EB7-BF59-FE1BB7FD4195}.Release|Any CPU.ActiveCfg = Release|Any CPU
		{789F7D9C-929C-4EB7-BF59-FE1BB7FD4195}.Release|Any CPU.Build.0 = Release|Any CPU
		{96D10CAC-BF1F-4849-9081-E81B612C4F30}.Debug|Any CPU.ActiveCfg = Debug|Any CPU
		{96D10CAC-BF1F-4849-9081-E81B612C4F30}.Debug|Any CPU.Build.0 = Debug|Any CPU
		{96D10CAC-BF1F-4849-9081-E81B612C4F30}.Release|Any CPU.ActiveCfg = Release|Any CPU
		{96D10CAC-BF1F-4849-9081-E81B612C4F30}.Release|Any CPU.Build.0 = Release|Any CPU
		{87DCAAF0-92AC-4D1F-A6E1-58E7140ED766}.Debug|Any CPU.ActiveCfg = Debug|Any CPU
		{87DCAAF0-92AC-4D1F-A6E1-58E7140ED766}.Debug|Any CPU.Build.0 = Debug|Any CPU
		{87DCAAF0-92AC-4D1F-A6E1-58E7140ED766}.Release|Any CPU.ActiveCfg = Release|Any CPU
		{87DCAAF0-92AC-4D1F-A6E1-58E7140ED766}.Release|Any CPU.Build.0 = Release|Any CPU
		{CA9E9B9F-3FA3-42E7-BFCA-B54ECE7852E0}.Debug|Any CPU.ActiveCfg = Debug|Any CPU
		{CA9E9B9F-3FA3-42E7-BFCA-B54ECE7852E0}.Debug|Any CPU.Build.0 = Debug|Any CPU
		{CA9E9B9F-3FA3-42E7-BFCA-B54ECE7852E0}.Release|Any CPU.ActiveCfg = Release|Any CPU
		{CA9E9B9F-3FA3-42E7-BFCA-B54ECE7852E0}.Release|Any CPU.Build.0 = Release|Any CPU
	EndGlobalSection
	GlobalSection(SolutionProperties) = preSolution
		HideSolutionNode = FALSE
	EndGlobalSection
	GlobalSection(NestedProjects) = preSolution
		{789F7D9C-929C-4EB7-BF59-FE1BB7FD4195} = {4BD09F3A-7609-442D-AB73-FE9F6A9F92BF}
		{96D10CAC-BF1F-4849-9081-E81B612C4F30} = {4BD09F3A-7609-442D-AB73-FE9F6A9F92BF}
		{87DCAAF0-92AC-4D1F-A6E1-58E7140ED766} = {21E22D98-0A9C-4204-B1E6-C3C5B5A8B113}
		{CA9E9B9F-3FA3-42E7-BFCA-B54ECE7852E0} = {21E22D98-0A9C-4204-B1E6-C3C5B5A8B113}
	EndGlobalSection
	GlobalSection(ExtensibilityGlobals) = postSolution
		SolutionGuid = {72F7887D-8A4E-44BB-862A-B83B83CDDD48}
	EndGlobalSection
EndGlobal
